
Microsoft Visual Studio Solution File, Format Version 12.00
# Visual Studio Version 17
VisualStudioVersion = 17.14.36511.14 d17.14
MinimumVisualStudioVersion = 10.0.40219.1
Project("{FAE04EC0-301F-11D3-BF4B-00C04F79EFBC}") = "Travel_Ticket", "Travel_Ticket\Travel_Ticket.csproj", "{BEAC0F8D-0F45-45B7-8A73-49926C5DFF27}"
EndProject
Global
	GlobalSection(SolutionConfigurationPlatforms) = preSolution
		Debug|Any CPU = Debug|Any CPU
		Release|Any CPU = Release|Any CPU
	EndGlobalSection
	GlobalSection(ProjectConfigurationPlatforms) = postSolution
		{BEAC0F8D-0F45-45B7-8A73-49926C5DFF27}.Debug|Any CPU.ActiveCfg = Debug|Any CPU
		{BEAC0F8D-0F45-45B7-8A73-49926C5DFF27}.Debug|Any CPU.Build.0 = Debug|Any CPU
		{BEAC0F8D-0F45-45B7-8A73-49926C5DFF27}.Release|Any CPU.ActiveCfg = Release|Any CPU
		{BEAC0F8D-0F45-45B7-8A73-49926C5DFF27}.Release|Any CPU.Build.0 = Release|Any CPU
	EndGlobalSection
	GlobalSection(SolutionProperties) = preSolution
		HideSolutionNode = FALSE
	EndGlobalSection
	GlobalSection(ExtensibilityGlobals) = postSolution
		SolutionGuid = {952146A2-B0ED-4E6E-B15C-8F92845F27FD}
	EndGlobalSection
EndGlobal
